
Microsoft Visual Studio Solution File, Format Version 12.00
# Visual Studio 2012
Project("{FAE04EC0-301F-11D3-BF4B-00C04F79EFBC}") = "ConsoleExample", "ConsoleExample\ConsoleExample.csproj", "{1C18382B-645A-494A-BF81-9038B5126B0F}"
EndProject
Project("{FAE04EC0-301F-11D3-BF4B-00C04F79EFBC}") = "WebApplicationExample", "WebApplicationExample\WebApplicationExample.csproj", "{E5775EB4-1C06-496E-96CC-46D545395E3C}"
EndProject
Project("{FAE04EC0-301F-11D3-BF4B-00C04F79EFBC}") = "ConsoleWithRemoteConfigExample", "ConsoleWithRemoteConfigExample\ConsoleWithRemoteConfigExample.csproj", "{FC3AA0F6-E550-448A-AF20-260DCA5F37C1}"
EndProject
Global
	GlobalSection(SolutionConfigurationPlatforms) = preSolution
		Debug|Any CPU = Debug|Any CPU
		Release|Any CPU = Release|Any CPU
	EndGlobalSection
	GlobalSection(ProjectConfigurationPlatforms) = postSolution
		{1C18382B-645A-494A-BF81-9038B5126B0F}.Debug|Any CPU.ActiveCfg = Debug|Any CPU
		{1C18382B-645A-494A-BF81-9038B5126B0F}.Debug|Any CPU.Build.0 = Debug|Any CPU
		{1C18382B-645A-494A-BF81-9038B5126B0F}.Release|Any CPU.ActiveCfg = Release|Any CPU
		{1C18382B-645A-494A-BF81-9038B5126B0F}.Release|Any CPU.Build.0 = Release|Any CPU
		{E5775EB4-1C06-496E-96CC-46D545395E3C}.Debug|Any CPU.ActiveCfg = Debug|Any CPU
		{E5775EB4-1C06-496E-96CC-46D545395E3C}.Debug|Any CPU.Build.0 = Debug|Any CPU
		{E5775EB4-1C06-496E-96CC-46D545395E3C}.Release|Any CPU.ActiveCfg = Release|Any CPU
		{E5775EB4-1C06-496E-96CC-46D545395E3C}.Release|Any CPU.Build.0 = Release|Any CPU
		{FC3AA0F6-E550-448A-AF20-260DCA5F37C1}.Debug|Any CPU.ActiveCfg = Debug|Any CPU
		{FC3AA0F6-E550-448A-AF20-260DCA5F37C1}.Debug|Any CPU.Build.0 = Debug|Any CPU
		{FC3AA0F6-E550-448A-AF20-260DCA5F37C1}.Release|Any CPU.ActiveCfg = Release|Any CPU
		{FC3AA0F6-E550-448A-AF20-260DCA5F37C1}.Release|Any CPU.Build.0 = Release|Any CPU
	EndGlobalSection
	GlobalSection(SolutionProperties) = preSolution
		HideSolutionNode = FALSE
	EndGlobalSection
EndGlobal
